
Microsoft Visual Studio Solution File, Format Version 12.00
# Visual Studio 15
VisualStudioVersion = 15.0.26430.14
MinimumVisualStudioVersion = 10.0.40219.1
Project("{FAE04EC0-301F-11D3-BF4B-00C04F79EFBC}") = "Hazzat.iOS", "Hazzat.iOS\Hazzat.iOS.csproj", "{79FA19B1-12FB-447A-BA1A-DF9D925A9641}"
EndProject
Project("{FAE04EC0-301F-11D3-BF4B-00C04F79EFBC}") = "Hazzat.Service", "Hazzat.Service\Hazzat.Service.csproj", "{B1FE103A-AA9F-4305-9E83-64DDA841B809}"
EndProject
Global
	GlobalSection(SolutionConfigurationPlatforms) = preSolution
		Ad-Hoc|Any CPU = Ad-Hoc|Any CPU
		Ad-Hoc|ARM = Ad-Hoc|ARM
		Ad-Hoc|iPhone = Ad-Hoc|iPhone
		Ad-Hoc|iPhoneSimulator = Ad-Hoc|iPhoneSimulator
		Ad-Hoc|x64 = Ad-Hoc|x64
		Ad-Hoc|x86 = Ad-Hoc|x86
		AppStore|Any CPU = AppStore|Any CPU
		AppStore|ARM = AppStore|ARM
		AppStore|iPhone = AppStore|iPhone
		AppStore|iPhoneSimulator = AppStore|iPhoneSimulator
		AppStore|x64 = AppStore|x64
		AppStore|x86 = AppStore|x86
		Debug|Any CPU = Debug|Any CPU
		Debug|ARM = Debug|ARM
		Debug|iPhone = Debug|iPhone
		Debug|iPhoneSimulator = Debug|iPhoneSimulator
		Debug|x64 = Debug|x64
		Debug|x86 = Debug|x86
		Release|Any CPU = Release|Any CPU
		Release|ARM = Release|ARM
		Release|iPhone = Release|iPhone
		Release|iPhoneSimulator = Release|iPhoneSimulator
		Release|x64 = Release|x64
		Release|x86 = Release|x86
	EndGlobalSection
	GlobalSection(ProjectConfigurationPlatforms) = postSolution
		{79FA19B1-12FB-447A-BA1A-DF9D925A9641}.Ad-Hoc|Any CPU.ActiveCfg = Ad-Hoc|iPhone
		{79FA19B1-12FB-447A-BA1A-DF9D925A9641}.Ad-Hoc|ARM.ActiveCfg = Ad-Hoc|iPhone
		{79FA19B1-12FB-447A-BA1A-DF9D925A9641}.Ad-Hoc|iPhone.ActiveCfg = Ad-Hoc|iPhone
		{79FA19B1-12FB-447A-BA1A-DF9D925A9641}.Ad-Hoc|iPhone.Build.0 = Ad-Hoc|iPhone
		{79FA19B1-12FB-447A-BA1A-DF9D925A9641}.Ad-Hoc|iPhoneSimulator.ActiveCfg = Ad-Hoc|iPhoneSimulator
		{79FA19B1-12FB-447A-BA1A-DF9D925A9641}.Ad-Hoc|iPhoneSimulator.Build.0 = Ad-Hoc|iPhoneSimulator
		{79FA19B1-12FB-447A-BA1A-DF9D925A9641}.Ad-Hoc|x64.ActiveCfg = Ad-Hoc|iPhone
		{79FA19B1-12FB-447A-BA1A-DF9D925A9641}.Ad-Hoc|x86.ActiveCfg = Ad-Hoc|iPhone
		{79FA19B1-12FB-447A-BA1A-DF9D925A9641}.AppStore|Any CPU.ActiveCfg = AppStore|iPhone
		{79FA19B1-12FB-447A-BA1A-DF9D925A9641}.AppStore|ARM.ActiveCfg = AppStore|iPhone
		{79FA19B1-12FB-447A-BA1A-DF9D925A9641}.AppStore|iPhone.ActiveCfg = AppStore|iPhone
		{79FA19B1-12FB-447A-BA1A-DF9D925A9641}.AppStore|iPhone.Build.0 = AppStore|iPhone
		{79FA19B1-12FB-447A-BA1A-DF9D925A9641}.AppStore|iPhoneSimulator.ActiveCfg = AppStore|iPhoneSimulator
		{79FA19B1-12FB-447A-BA1A-DF9D925A9641}.AppStore|iPhoneSimulator.Build.0 = AppStore|iPhoneSimulator
		{79FA19B1-12FB-447A-BA1A-DF9D925A9641}.AppStore|x64.ActiveCfg = AppStore|iPhone
		{79FA19B1-12FB-447A-BA1A-DF9D925A9641}.AppStore|x86.ActiveCfg = AppStore|iPhone
		{79FA19B1-12FB-447A-BA1A-DF9D925A9641}.Debug|Any CPU.ActiveCfg = Debug|iPhone
		{79FA19B1-12FB-447A-BA1A-DF9D925A9641}.Debug|ARM.ActiveCfg = Debug|iPhone
		{79FA19B1-12FB-447A-BA1A-DF9D925A9641}.Debug|iPhone.ActiveCfg = Debug|iPhone
		{79FA19B1-12FB-447A-BA1A-DF9D925A9641}.Debug|iPhone.Build.0 = Debug|iPhone
		{79FA19B1-12FB-447A-BA1A-DF9D925A9641}.Debug|iPhoneSimulator.ActiveCfg = Debug|iPhoneSimulator
		{79FA19B1-12FB-447A-BA1A-DF9D925A9641}.Debug|iPhoneSimulator.Build.0 = Debug|iPhoneSimulator
		{79FA19B1-12FB-447A-BA1A-DF9D925A9641}.Debug|x64.ActiveCfg = Debug|iPhone
		{79FA19B1-12FB-447A-BA1A-DF9D925A9641}.Debug|x86.ActiveCfg = Debug|iPhone
		{79FA19B1-12FB-447A-BA1A-DF9D925A9641}.Release|Any CPU.ActiveCfg = Release|iPhone
		{79FA19B1-12FB-447A-BA1A-DF9D925A9641}.Release|ARM.ActiveCfg = Release|iPhone
		{79FA19B1-12FB-447A-BA1A-DF9D925A9641}.Release|iPhone.ActiveCfg = Release|iPhone
		{79FA19B1-12FB-447A-BA1A-DF9D925A9641}.Release|iPhone.Build.0 = Release|iPhone
		{79FA19B1-12FB-447A-BA1A-DF9D925A9641}.Release|iPhoneSimulator.ActiveCfg = Release|iPhoneSimulator
		{79FA19B1-12FB-447A-BA1A-DF9D925A9641}.Release|iPhoneSimulator.Build.0 = Release|iPhoneSimulator
		{79FA19B1-12FB-447A-BA1A-DF9D925A9641}.Release|x64.ActiveCfg = Release|iPhone
		{79FA19B1-12FB-447A-BA1A-DF9D925A9641}.Release|x86.ActiveCfg = Release|iPhone
		{B1FE103A-AA9F-4305-9E83-64DDA841B809}.Ad-Hoc|Any CPU.ActiveCfg = Release|Any CPU
		{B1FE103A-AA9F-4305-9E83-64DDA841B809}.Ad-Hoc|Any CPU.Build.0 = Release|Any CPU
		{B1FE103A-AA9F-4305-9E83-64DDA841B809}.Ad-Hoc|ARM.ActiveCfg = Release|Any CPU
		{B1FE103A-AA9F-4305-9E83-64DDA841B809}.Ad-Hoc|ARM.Build.0 = Release|Any CPU
		{B1FE103A-AA9F-4305-9E83-64DDA841B809}.Ad-Hoc|iPhone.ActiveCfg = Release|Any CPU
		{B1FE103A-AA9F-4305-9E83-64DDA841B809}.Ad-Hoc|iPhone.Build.0 = Release|Any CPU
		{B1FE103A-AA9F-4305-9E83-64DDA841B809}.Ad-Hoc|iPhoneSimulator.ActiveCfg = Release|Any CPU
		{B1FE103A-AA9F-4305-9E83-64DDA841B809}.Ad-Hoc|iPhoneSimulator.Build.0 = Release|Any CPU
		{B1FE103A-AA9F-4305-9E83-64DDA841B809}.Ad-Hoc|x64.ActiveCfg = Release|Any CPU
		{B1FE103A-AA9F-4305-9E83-64DDA841B809}.Ad-Hoc|x64.Build.0 = Release|Any CPU
		{B1FE103A-AA9F-4305-9E83-64DDA841B809}.Ad-Hoc|x86.ActiveCfg = Release|Any CPU
		{B1FE103A-AA9F-4305-9E83-64DDA841B809}.Ad-Hoc|x86.Build.0 = Release|Any CPU
		{B1FE103A-AA9F-4305-9E83-64DDA841B809}.AppStore|Any CPU.ActiveCfg = Release|Any CPU
		{B1FE103A-AA9F-4305-9E83-64DDA841B809}.AppStore|Any CPU.Build.0 = Release|Any CPU
		{B1FE103A-AA9F-4305-9E83-64DDA841B809}.AppStore|ARM.ActiveCfg = Release|Any CPU
		{B1FE103A-AA9F-4305-9E83-64DDA841B809}.AppStore|ARM.Build.0 = Release|Any CPU
		{B1FE103A-AA9F-4305-9E83-64DDA841B809}.AppStore|iPhone.ActiveCfg = Release|Any CPU
		{B1FE103A-AA9F-4305-9E83-64DDA841B809}.AppStore|iPhone.Build.0 = Release|Any CPU
		{B1FE103A-AA9F-4305-9E83-64DDA841B809}.AppStore|iPhoneSimulator.ActiveCfg = Release|Any CPU
		{B1FE103A-AA9F-4305-9E83-64DDA841B809}.AppStore|iPhoneSimulator.Build.0 = Release|Any CPU
		{B1FE103A-AA9F-4305-9E83-64DDA841B809}.AppStore|x64.ActiveCfg = Release|Any CPU
		{B1FE103A-AA9F-4305-9E83-64DDA841B809}.AppStore|x64.Build.0 = Release|Any CPU
		{B1FE103A-AA9F-4305-9E83-64DDA841B809}.AppStore|x86.ActiveCfg = Release|Any CPU
		{B1FE103A-AA9F-4305-9E83-64DDA841B809}.AppStore|x86.Build.0 = Release|Any CPU
		{B1FE103A-AA9F-4305-9E83-64DDA841B809}.Debug|Any CPU.ActiveCfg = Debug|Any CPU
		{B1FE103A-AA9F-4305-9E83-64DDA841B809}.Debug|Any CPU.Build.0 = Debug|Any CPU
		{B1FE103A-AA9F-4305-9E83-64DDA841B809}.Debug|ARM.ActiveCfg = Debug|Any CPU
		{B1FE103A-AA9F-4305-9E83-64DDA841B809}.Debug|ARM.Build.0 = Debug|Any CPU
		{B1FE103A-AA9F-4305-9E83-64DDA841B809}.Debug|iPhone.ActiveCfg = Debug|Any CPU
		{B1FE103A-AA9F-4305-9E83-64DDA841B809}.Debug|iPhone.Build.0 = Debug|Any CPU
		{B1FE103A-AA9F-4305-9E83-64DDA841B809}.Debug|iPhoneSimulator.ActiveCfg = Debug|Any CPU
		{B1FE103A-AA9F-4305-9E83-64DDA841B809}.Debug|iPhoneSimulator.Build.0 = Debug|Any CPU
		{B1FE103A-AA9F-4305-9E83-64DDA841B809}.Debug|x64.ActiveCfg = Debug|Any CPU
		{B1FE103A-AA9F-4305-9E83-64DDA841B809}.Debug|x64.Build.0 = Debug|Any CPU
		{B1FE103A-AA9F-4305-9E83-64DDA841B809}.Debug|x86.ActiveCfg = Debug|Any CPU
		{B1FE103A-AA9F-4305-9E83-64DDA841B809}.Debug|x86.Build.0 = Debug|Any CPU
		{B1FE103A-AA9F-4305-9E83-64DDA841B809}.Release|Any CPU.ActiveCfg = Release|Any CPU
		{B1FE103A-AA9F-4305-9E83-64DDA841B809}.Release|Any CPU.Build.0 = Release|Any CPU
		{B1FE103A-AA9F-4305-9E83-64DDA841B809}.Release|ARM.ActiveCfg = Release|Any CPU
		{B1FE103A-AA9F-4305-9E83-64DDA841B809}.Release|ARM.Build.0 = Release|Any CPU
		{B1FE103A-AA9F-4305-9E83-64DDA841B809}.Release|iPhone.ActiveCfg = Release|Any CPU
		{B1FE103A-AA9F-4305-9E83-64DDA841B809}.Release|iPhone.Build.0 = Release|Any CPU
		{B1FE103A-AA9F-4305-9E83-64DDA841B809}.Release|iPhoneSimulator.ActiveCfg = Release|Any CPU
		{B1FE103A-AA9F-4305-9E83-64DDA841B809}.Release|iPhoneSimulator.Build.0 = Release|Any CPU
		{B1FE103A-AA9F-4305-9E83-64DDA841B809}.Release|x64.ActiveCfg = Release|Any CPU
		{B1FE103A-AA9F-4305-9E83-64DDA841B809}.Release|x64.Build.0 = Release|Any CPU
		{B1FE103A-AA9F-4305-9E83-64DDA841B809}.Release|x86.ActiveCfg = Release|Any CPU
		{B1FE103A-AA9F-4305-9E83-64DDA841B809}.Release|x86.Build.0 = Release|Any CPU
	EndGlobalSection
	GlobalSection(SolutionProperties) = preSolution
		HideSolutionNode = FALSE
	EndGlobalSection
EndGlobal
